
Microsoft Visual Studio Solution File, Format Version 12.00
# Visual Studio 14
VisualStudioVersion = 14.0.24720.0
MinimumVisualStudioVersion = 10.0.40219.1
Project("{FAE04EC0-301F-11D3-BF4B-00C04F79EFBC}") = "Tehtava1", "Tehtava1\Tehtava1.csproj", "{BBFDB3F8-2232-4C51-A154-1DFFF2E75FE7}"
EndProject
Project("{FAE04EC0-301F-11D3-BF4B-00C04F79EFBC}") = "H1MediaPlayer", "H1MediaPlayer\H1MediaPlayer.csproj", "{74469E55-5043-4233-99E5-31E9A99C4A6E}"
EndProject
Project("{FAE04EC0-301F-11D3-BF4B-00C04F79EFBC}") = "WinLotto", "WinLotto\WinLotto.csproj", "{0F54A39D-672D-4081-81A7-A1074BCD257D}"
EndProject
Project("{FAE04EC0-301F-11D3-BF4B-00C04F79EFBC}") = "Mittausdata", "Mittausdata\Mittausdata.csproj", "{8B8EB271-0FD8-45CA-BE90-2D94B7620089}"
EndProject
Project("{FAE04EC0-301F-11D3-BF4B-00C04F79EFBC}") = "AVerySimpleTextFileDemo", "AVerySimpleTextFileDemo\AVerySimpleTextFileDemo.csproj", "{BD0B69C6-BA23-4CA5-BA5E-7F10FC24968F}"
EndProject
Project("{FAE04EC0-301F-11D3-BF4B-00C04F79EFBC}") = "H5MoviesXML", "H5MoviesXML\H5MoviesXML.csproj", "{CF93F9B5-1593-44A5-968B-7A754C993815}"
EndProject
Project("{FAE04EC0-301F-11D3-BF4B-00C04F79EFBC}") = "XMLViinikellari", "XMLViinikellari\XMLViinikellari.csproj", "{B13CCC3F-C642-4459-A689-582B43DFFAEE}"
EndProject
Project("{FAE04EC0-301F-11D3-BF4B-00C04F79EFBC}") = "DataBindingX3", "DataBindingX3\DataBindingX3.csproj", "{33B725D2-B0B0-4342-8A3C-95EDF94927C3}"
EndProject
Project("{FAE04EC0-301F-11D3-BF4B-00C04F79EFBC}") = "PasswordChecker", "PasswordChecker\PasswordChecker.csproj", "{955998C1-B76C-46EF-BD3A-05F14E8380F8}"
EndProject
Project("{FAE04EC0-301F-11D3-BF4B-00C04F79EFBC}") = "H7ADOConsoleDemo", "H7ADOConsoleDemo\H7ADOConsoleDemo.csproj", "{C373C8F0-135B-4AF8-B316-64CB6C580621}"
EndProject
Global
	GlobalSection(SolutionConfigurationPlatforms) = preSolution
		Debug|Any CPU = Debug|Any CPU
		Debug|x64 = Debug|x64
		Debug|x86 = Debug|x86
		Release|Any CPU = Release|Any CPU
		Release|x64 = Release|x64
		Release|x86 = Release|x86
	EndGlobalSection
	GlobalSection(ProjectConfigurationPlatforms) = postSolution
		{BBFDB3F8-2232-4C51-A154-1DFFF2E75FE7}.Debug|Any CPU.ActiveCfg = Debug|Any CPU
		{BBFDB3F8-2232-4C51-A154-1DFFF2E75FE7}.Debug|Any CPU.Build.0 = Debug|Any CPU
		{BBFDB3F8-2232-4C51-A154-1DFFF2E75FE7}.Debug|x64.ActiveCfg = Debug|Any CPU
		{BBFDB3F8-2232-4C51-A154-1DFFF2E75FE7}.Debug|x86.ActiveCfg = Debug|Any CPU
		{BBFDB3F8-2232-4C51-A154-1DFFF2E75FE7}.Release|Any CPU.ActiveCfg = Release|Any CPU
		{BBFDB3F8-2232-4C51-A154-1DFFF2E75FE7}.Release|Any CPU.Build.0 = Release|Any CPU
		{BBFDB3F8-2232-4C51-A154-1DFFF2E75FE7}.Release|x64.ActiveCfg = Release|Any CPU
		{BBFDB3F8-2232-4C51-A154-1DFFF2E75FE7}.Release|x86.ActiveCfg = Release|Any CPU
		{74469E55-5043-4233-99E5-31E9A99C4A6E}.Debug|Any CPU.ActiveCfg = Debug|Any CPU
		{74469E55-5043-4233-99E5-31E9A99C4A6E}.Debug|Any CPU.Build.0 = Debug|Any CPU
		{74469E55-5043-4233-99E5-31E9A99C4A6E}.Debug|x64.ActiveCfg = Debug|Any CPU
		{74469E55-5043-4233-99E5-31E9A99C4A6E}.Debug|x86.ActiveCfg = Debug|Any CPU
		{74469E55-5043-4233-99E5-31E9A99C4A6E}.Release|Any CPU.ActiveCfg = Release|Any CPU
		{74469E55-5043-4233-99E5-31E9A99C4A6E}.Release|Any CPU.Build.0 = Release|Any CPU
		{74469E55-5043-4233-99E5-31E9A99C4A6E}.Release|x64.ActiveCfg = Release|Any CPU
		{74469E55-5043-4233-99E5-31E9A99C4A6E}.Release|x86.ActiveCfg = Release|Any CPU
		{0F54A39D-672D-4081-81A7-A1074BCD257D}.Debug|Any CPU.ActiveCfg = Debug|Any CPU
		{0F54A39D-672D-4081-81A7-A1074BCD257D}.Debug|Any CPU.Build.0 = Debug|Any CPU
		{0F54A39D-672D-4081-81A7-A1074BCD257D}.Debug|x64.ActiveCfg = Debug|Any CPU
		{0F54A39D-672D-4081-81A7-A1074BCD257D}.Debug|x86.ActiveCfg = Debug|Any CPU
		{0F54A39D-672D-4081-81A7-A1074BCD257D}.Release|Any CPU.ActiveCfg = Release|Any CPU
		{0F54A39D-672D-4081-81A7-A1074BCD257D}.Release|Any CPU.Build.0 = Release|Any CPU
		{0F54A39D-672D-4081-81A7-A1074BCD257D}.Release|x64.ActiveCfg = Release|Any CPU
		{0F54A39D-672D-4081-81A7-A1074BCD257D}.Release|x86.ActiveCfg = Release|Any CPU
		{8B8EB271-0FD8-45CA-BE90-2D94B7620089}.Debug|Any CPU.ActiveCfg = Debug|Any CPU
		{8B8EB271-0FD8-45CA-BE90-2D94B7620089}.Debug|Any CPU.Build.0 = Debug|Any CPU
		{8B8EB271-0FD8-45CA-BE90-2D94B7620089}.Debug|x64.ActiveCfg = Debug|x64
		{8B8EB271-0FD8-45CA-BE90-2D94B7620089}.Debug|x64.Build.0 = Debug|x64
		{8B8EB271-0FD8-45CA-BE90-2D94B7620089}.Debug|x86.ActiveCfg = Debug|x86
		{8B8EB271-0FD8-45CA-BE90-2D94B7620089}.Debug|x86.Build.0 = Debug|x86
		{8B8EB271-0FD8-45CA-BE90-2D94B7620089}.Release|Any CPU.ActiveCfg = Release|Any CPU
		{8B8EB271-0FD8-45CA-BE90-2D94B7620089}.Release|Any CPU.Build.0 = Release|Any CPU
		{8B8EB271-0FD8-45CA-BE90-2D94B7620089}.Release|x64.ActiveCfg = Release|x64
		{8B8EB271-0FD8-45CA-BE90-2D94B7620089}.Release|x64.Build.0 = Release|x64
		{8B8EB271-0FD8-45CA-BE90-2D94B7620089}.Release|x86.ActiveCfg = Release|x86
		{8B8EB271-0FD8-45CA-BE90-2D94B7620089}.Release|x86.Build.0 = Release|x86
		{BD0B69C6-BA23-4CA5-BA5E-7F10FC24968F}.Debug|Any CPU.ActiveCfg = Debug|Any CPU
		{BD0B69C6-BA23-4CA5-BA5E-7F10FC24968F}.Debug|Any CPU.Build.0 = Debug|Any CPU
		{BD0B69C6-BA23-4CA5-BA5E-7F10FC24968F}.Debug|x64.ActiveCfg = Debug|Any CPU
		{BD0B69C6-BA23-4CA5-BA5E-7F10FC24968F}.Debug|x86.ActiveCfg = Debug|Any CPU
		{BD0B69C6-BA23-4CA5-BA5E-7F10FC24968F}.Release|Any CPU.ActiveCfg = Release|Any CPU
		{BD0B69C6-BA23-4CA5-BA5E-7F10FC24968F}.Release|Any CPU.Build.0 = Release|Any CPU
		{BD0B69C6-BA23-4CA5-BA5E-7F10FC24968F}.Release|x64.ActiveCfg = Release|Any CPU
		{BD0B69C6-BA23-4CA5-BA5E-7F10FC24968F}.Release|x86.ActiveCfg = Release|Any CPU
		{CF93F9B5-1593-44A5-968B-7A754C993815}.Debug|Any CPU.ActiveCfg = Debug|Any CPU
		{CF93F9B5-1593-44A5-968B-7A754C993815}.Debug|Any CPU.Build.0 = Debug|Any CPU
		{CF93F9B5-1593-44A5-968B-7A754C993815}.Debug|x64.ActiveCfg = Debug|Any CPU
		{CF93F9B5-1593-44A5-968B-7A754C993815}.Debug|x64.Build.0 = Debug|Any CPU
		{CF93F9B5-1593-44A5-968B-7A754C993815}.Debug|x86.ActiveCfg = Debug|Any CPU
		{CF93F9B5-1593-44A5-968B-7A754C993815}.Debug|x86.Build.0 = Debug|Any CPU
		{CF93F9B5-1593-44A5-968B-7A754C993815}.Release|Any CPU.ActiveCfg = Release|Any CPU
		{CF93F9B5-1593-44A5-968B-7A754C993815}.Release|Any CPU.Build.0 = Release|Any CPU
		{CF93F9B5-1593-44A5-968B-7A754C993815}.Release|x64.ActiveCfg = Release|Any CPU
		{CF93F9B5-1593-44A5-968B-7A754C993815}.Release|x64.Build.0 = Release|Any CPU
		{CF93F9B5-1593-44A5-968B-7A754C993815}.Release|x86.ActiveCfg = Release|Any CPU
		{CF93F9B5-1593-44A5-968B-7A754C993815}.Release|x86.Build.0 = Release|Any CPU
		{B13CCC3F-C642-4459-A689-582B43DFFAEE}.Debug|Any CPU.ActiveCfg = Debug|Any CPU
		{B13CCC3F-C642-4459-A689-582B43DFFAEE}.Debug|Any CPU.Build.0 = Debug|Any CPU
		{B13CCC3F-C642-4459-A689-582B43DFFAEE}.Debug|x64.ActiveCfg = Debug|Any CPU
		{B13CCC3F-C642-4459-A689-582B43DFFAEE}.Debug|x64.Build.0 = Debug|Any CPU
		{B13CCC3F-C642-4459-A689-582B43DFFAEE}.Debug|x86.ActiveCfg = Debug|Any CPU
		{B13CCC3F-C642-4459-A689-582B43DFFAEE}.Debug|x86.Build.0 = Debug|Any CPU
		{B13CCC3F-C642-4459-A689-582B43DFFAEE}.Release|Any CPU.ActiveCfg = Release|Any CPU
		{B13CCC3F-C642-4459-A689-582B43DFFAEE}.Release|Any CPU.Build.0 = Release|Any CPU
		{B13CCC3F-C642-4459-A689-582B43DFFAEE}.Release|x64.ActiveCfg = Release|Any CPU
		{B13CCC3F-C642-4459-A689-582B43DFFAEE}.Release|x64.Build.0 = Release|Any CPU
		{B13CCC3F-C642-4459-A689-582B43DFFAEE}.Release|x86.ActiveCfg = Release|Any CPU
		{B13CCC3F-C642-4459-A689-582B43DFFAEE}.Release|x86.Build.0 = Release|Any CPU
		{33B725D2-B0B0-4342-8A3C-95EDF94927C3}.Debug|Any CPU.ActiveCfg = Debug|Any CPU
		{33B725D2-B0B0-4342-8A3C-95EDF94927C3}.Debug|Any CPU.Build.0 = Debug|Any CPU
		{33B725D2-B0B0-4342-8A3C-95EDF94927C3}.Debug|x64.ActiveCfg = Debug|Any CPU
		{33B725D2-B0B0-4342-8A3C-95EDF94927C3}.Debug|x64.Build.0 = Debug|Any CPU
		{33B725D2-B0B0-4342-8A3C-95EDF94927C3}.Debug|x86.ActiveCfg = Debug|Any CPU
		{33B725D2-B0B0-4342-8A3C-95EDF94927C3}.Debug|x86.Build.0 = Debug|Any CPU
		{33B725D2-B0B0-4342-8A3C-95EDF94927C3}.Release|Any CPU.ActiveCfg = Release|Any CPU
		{33B725D2-B0B0-4342-8A3C-95EDF94927C3}.Release|Any CPU.Build.0 = Release|Any CPU
		{33B725D2-B0B0-4342-8A3C-95EDF94927C3}.Release|x64.ActiveCfg = Release|Any CPU
		{33B725D2-B0B0-4342-8A3C-95EDF94927C3}.Release|x64.Build.0 = Release|Any CPU
		{33B725D2-B0B0-4342-8A3C-95EDF94927C3}.Release|x86.ActiveCfg = Release|Any CPU
		{33B725D2-B0B0-4342-8A3C-95EDF94927C3}.Release|x86.Build.0 = Release|Any CPU
		{955998C1-B76C-46EF-BD3A-05F14E8380F8}.Debug|Any CPU.ActiveCfg = Debug|Any CPU
		{955998C1-B76C-46EF-BD3A-05F14E8380F8}.Debug|Any CPU.Build.0 = Debug|Any CPU
		{955998C1-B76C-46EF-BD3A-05F14E8380F8}.Debug|x64.ActiveCfg = Debug|Any CPU
		{955998C1-B76C-46EF-BD3A-05F14E8380F8}.Debug|x86.ActiveCfg = Debug|Any CPU
		{955998C1-B76C-46EF-BD3A-05F14E8380F8}.Debug|x86.Build.0 = Debug|Any CPU
		{955998C1-B76C-46EF-BD3A-05F14E8380F8}.Release|Any CPU.ActiveCfg = Release|Any CPU
		{955998C1-B76C-46EF-BD3A-05F14E8380F8}.Release|Any CPU.Build.0 = Release|Any CPU
		{955998C1-B76C-46EF-BD3A-05F14E8380F8}.Release|x64.ActiveCfg = Release|Any CPU
		{955998C1-B76C-46EF-BD3A-05F14E8380F8}.Release|x86.ActiveCfg = Release|Any CPU
		{C373C8F0-135B-4AF8-B316-64CB6C580621}.Debug|Any CPU.ActiveCfg = Debug|Any CPU
		{C373C8F0-135B-4AF8-B316-64CB6C580621}.Debug|Any CPU.Build.0 = Debug|Any CPU
		{C373C8F0-135B-4AF8-B316-64CB6C580621}.Debug|x64.ActiveCfg = Debug|Any CPU
		{C373C8F0-135B-4AF8-B316-64CB6C580621}.Debug|x64.Build.0 = Debug|Any CPU
		{C373C8F0-135B-4AF8-B316-64CB6C580621}.Debug|x86.ActiveCfg = Debug|Any CPU
		{C373C8F0-135B-4AF8-B316-64CB6C580621}.Debug|x86.Build.0 = Debug|Any CPU
		{C373C8F0-135B-4AF8-B316-64CB6C580621}.Release|Any CPU.ActiveCfg = Release|Any CPU
		{C373C8F0-135B-4AF8-B316-64CB6C580621}.Release|Any CPU.Build.0 = Release|Any CPU
		{C373C8F0-135B-4AF8-B316-64CB6C580621}.Release|x64.ActiveCfg = Release|Any CPU
		{C373C8F0-135B-4AF8-B316-64CB6C580621}.Release|x64.Build.0 = Release|Any CPU
		{C373C8F0-135B-4AF8-B316-64CB6C580621}.Release|x86.ActiveCfg = Release|Any CPU
		{C373C8F0-135B-4AF8-B316-64CB6C580621}.Release|x86.Build.0 = Release|Any CPU
	EndGlobalSection
	GlobalSection(SolutionProperties) = preSolution
		HideSolutionNode = FALSE
	EndGlobalSection
EndGlobal
